
Microsoft Visual Studio Solution File, Format Version 12.00
# Visual Studio Version 17
VisualStudioVersion = 17.13.35806.99 d17.13
MinimumVisualStudioVersion = 10.0.40219.1
Project("{FAE04EC0-301F-11D3-BF4B-00C04F79EFBC}") = "CompressorAndDecompressor", "CompressorAndDecompressor\CompressorAndDecompressor.csproj", "{7514365A-6403-4232-9876-38CC3E9F0365}"
EndProject
Global
	GlobalSection(SolutionConfigurationPlatforms) = preSolution
		Debug|Any CPU = Debug|Any CPU
		Release|Any CPU = Release|Any CPU
	EndGlobalSection
	GlobalSection(ProjectConfigurationPlatforms) = postSolution
		{7514365A-6403-4232-9876-38CC3E9F0365}.Debug|Any CPU.ActiveCfg = Debug|Any CPU
		{7514365A-6403-4232-9876-38CC3E9F0365}.Debug|Any CPU.Build.0 = Debug|Any CPU
		{7514365A-6403-4232-9876-38CC3E9F0365}.Release|Any CPU.ActiveCfg = Release|Any CPU
		{7514365A-6403-4232-9876-38CC3E9F0365}.Release|Any CPU.Build.0 = Release|Any CPU
	EndGlobalSection
	GlobalSection(SolutionProperties) = preSolution
		HideSolutionNode = FALSE
	EndGlobalSection
	GlobalSection(ExtensibilityGlobals) = postSolution
		SolutionGuid = {1FAE98F0-D112-4FD5-8623-F4CAC586DE29}
	EndGlobalSection
EndGlobal
